// !$*UTF8*$!
{
	archiveVersion = 1;
	classes = {
	};
	objectVersion = 50;
	objects = {

/* Begin PBXBuildFile section */
		50237C9A225D28AA008B3A62 /* AppDelegate.swift in Sources */ = {isa = PBXBuildFile; fileRef = 50237C99225D28AA008B3A62 /* AppDelegate.swift */; };
		50237C9C225D28AA008B3A62 /* ViewController.swift in Sources */ = {isa = PBXBuildFile; fileRef = 50237C9B225D28AA008B3A62 /* ViewController.swift */; };
		50237C9F225D28AA008B3A62 /* Main.storyboard in Resources */ = {isa = PBXBuildFile; fileRef = 50237C9D225D28AA008B3A62 /* Main.storyboard */; };
		50237CA1225D28AA008B3A62 /* Assets.xcassets in Resources */ = {isa = PBXBuildFile; fileRef = 50237CA0225D28AA008B3A62 /* Assets.xcassets */; };
		50237CA4225D28AA008B3A62 /* LaunchScreen.storyboard in Resources */ = {isa = PBXBuildFile; fileRef = 50237CA2225D28AA008B3A62 /* LaunchScreen.storyboard */; };
		50237CAF225D28AB008B3A62 /* SolsticeContactsTests.swift in Sources */ = {isa = PBXBuildFile; fileRef = 50237CAE225D28AB008B3A62 /* SolsticeContactsTests.swift */; };
		50237CBA225D28AB008B3A62 /* SolsticeContactsUITests.swift in Sources */ = {isa = PBXBuildFile; fileRef = 50237CB9225D28AB008B3A62 /* SolsticeContactsUITests.swift */; };
		50237CCA225D291F008B3A62 /* Contact.swift in Sources */ = {isa = PBXBuildFile; fileRef = 50237CC9225D291F008B3A62 /* Contact.swift */; };
/* End PBXBuildFile section */

/* Begin PBXContainerItemProxy section */
		50237CAB225D28AB008B3A62 /* PBXContainerItemProxy */ = {
			isa = PBXContainerItemProxy;
			containerPortal = 50237C8E225D28AA008B3A62 /* Project object */;
			proxyType = 1;
			remoteGlobalIDString = 50237C95225D28AA008B3A62;
			remoteInfo = SolsticeContacts;
		};
		50237CB6225D28AB008B3A62 /* PBXContainerItemProxy */ = {
			isa = PBXContainerItemProxy;
			containerPortal = 50237C8E225D28AA008B3A62 /* Project object */;
			proxyType = 1;
			remoteGlobalIDString = 50237C95225D28AA008B3A62;
			remoteInfo = SolsticeContacts;
		};
/* End PBXContainerItemProxy section */

/* Begin PBXFileReference section */
		50237C96225D28AA008B3A62 /* SolsticeContacts.app */ = {isa = PBXFileReference; explicitFileType = wrapper.application; includeInIndex = 0; path = SolsticeContacts.app; sourceTree = BUILT_PRODUCTS_DIR; };
		50237C99225D28AA008B3A62 /* AppDelegate.swift */ = {isa = PBXFileReference; lastKnownFileType = sourcecode.swift; path = AppDelegate.swift; sourceTree = "<group>"; };
		50237C9B225D28AA008B3A62 /* ViewController.swift */ = {isa = PBXFileReference; lastKnownFileType = sourcecode.swift; path = ViewController.swift; sourceTree = "<group>"; };
		50237C9E225D28AA008B3A62 /* Base */ = {isa = PBXFileReference; lastKnownFileType = file.storyboard; name = Base; path = Base.lproj/Main.storyboard; sourceTree = "<group>"; };
		50237CA0225D28AA008B3A62 /* Assets.xcassets */ = {isa = PBXFileReference; lastKnownFileType = folder.assetcatalog; path = Assets.xcassets; sourceTree = "<group>"; };
		50237CA3225D28AA008B3A62 /* Base */ = {isa = PBXFileReference; lastKnownFileType = file.storyboard; name = Base; path = Base.lproj/LaunchScreen.storyboard; sourceTree = "<group>"; };
		50237CA5225D28AA008B3A62 /* Info.plist */ = {isa = PBXFileReference; lastKnownFileType = text.plist.xml; path = Info.plist; sourceTree = "<group>"; };
		50237CAA225D28AB008B3A62 /* SolsticeContactsTests.xctest */ = {isa = PBXFileReference; explicitFileType = wrapper.cfbundle; includeInIndex = 0; path = SolsticeContactsTests.xctest; sourceTree = BUILT_PRODUCTS_DIR; };
		50237CAE225D28AB008B3A62 /* SolsticeContactsTests.swift */ = {isa = PBXFileReference; lastKnownFileType = sourcecode.swift; path = SolsticeContactsTests.swift; sourceTree = "<group>"; };
		50237CB0225D28AB008B3A62 /* Info.plist */ = {isa = PBXFileReference; lastKnownFileType = text.plist.xml; path = Info.plist; sourceTree = "<group>"; };
		50237CB5225D28AB008B3A62 /* SolsticeContactsUITests.xctest */ = {isa = PBXFileReference; explicitFileType = wrapper.cfbundle; includeInIndex = 0; path = SolsticeContactsUITests.xctest; sourceTree = BUILT_PRODUCTS_DIR; };
		50237CB9225D28AB008B3A62 /* SolsticeContactsUITests.swift */ = {isa = PBXFileReference; lastKnownFileType = sourcecode.swift; path = SolsticeContactsUITests.swift; sourceTree = "<group>"; };
		50237CBB225D28AB008B3A62 /* Info.plist */ = {isa = PBXFileReference; lastKnownFileType = text.plist.xml; path = Info.plist; sourceTree = "<group>"; };
		50237CC9225D291F008B3A62 /* Contact.swift */ = {isa = PBXFileReference; lastKnownFileType = sourcecode.swift; path = Contact.swift; sourceTree = "<group>"; };
/* End PBXFileReference section */

/* Begin PBXFrameworksBuildPhase section */
		50237C93225D28AA008B3A62 /* Frameworks */ = {
			isa = PBXFrameworksBuildPhase;
			buildActionMask = 2147483647;
			files = (
			);
			runOnlyForDeploymentPostprocessing = 0;
		};
		50237CA7225D28AB008B3A62 /* Frameworks */ = {
			isa = PBXFrameworksBuildPhase;
			buildActionMask = 2147483647;
			files = (
			);
			runOnlyForDeploymentPostprocessing = 0;
		};
		50237CB2225D28AB008B3A62 /* Frameworks */ = {
			isa = PBXFrameworksBuildPhase;
			buildActionMask = 2147483647;
			files = (
			);
			runOnlyForDeploymentPostprocessing = 0;
		};
/* End PBXFrameworksBuildPhase section */

/* Begin PBXGroup section */
		50237C8D225D28AA008B3A62 = {
			isa = PBXGroup;
			children = (
				50237C98225D28AA008B3A62 /* SolsticeContacts */,
				50237CAD225D28AB008B3A62 /* SolsticeContactsTests */,
				50237CB8225D28AB008B3A62 /* SolsticeContactsUITests */,
				50237C97225D28AA008B3A62 /* Products */,
			);
			sourceTree = "<group>";
		};
		50237C97225D28AA008B3A62 /* Products */ = {
			isa = PBXGroup;
			children = (
				50237C96225D28AA008B3A62 /* SolsticeContacts.app */,
				50237CAA225D28AB008B3A62 /* SolsticeContactsTests.xctest */,
				50237CB5225D28AB008B3A62 /* SolsticeContactsUITests.xctest */,
			);
			name = Products;
			sourceTree = "<group>";
		};
		50237C98225D28AA008B3A62 /* SolsticeContacts */ = {
			isa = PBXGroup;
			children = (
				50237CC8225D2908008B3A62 /* Models */,
				50237CC7225D2901008B3A62 /* Networking */,
				50237C99225D28AA008B3A62 /* AppDelegate.swift */,
				50237C9B225D28AA008B3A62 /* ViewController.swift */,
				50237C9D225D28AA008B3A62 /* Main.storyboard */,
				50237CA0225D28AA008B3A62 /* Assets.xcassets */,
				50237CA2225D28AA008B3A62 /* LaunchScreen.storyboard */,
				50237CA5225D28AA008B3A62 /* Info.plist */,
			);
			path = SolsticeContacts;
			sourceTree = "<group>";
		};
		50237CAD225D28AB008B3A62 /* SolsticeContactsTests */ = {
			isa = PBXGroup;
			children = (
				50237CAE225D28AB008B3A62 /* SolsticeContactsTests.swift */,
				50237CB0225D28AB008B3A62 /* Info.plist */,
			);
			path = SolsticeContactsTests;
			sourceTree = "<group>";
		};
		50237CB8225D28AB008B3A62 /* SolsticeContactsUITests */ = {
			isa = PBXGroup;
			children = (
				50237CB9225D28AB008B3A62 /* SolsticeContactsUITests.swift */,
				50237CBB225D28AB008B3A62 /* Info.plist */,
			);
			path = SolsticeContactsUITests;
			sourceTree = "<group>";
		};
		50237CC7225D2901008B3A62 /* Networking */ = {
			isa = PBXGroup;
			children = (
			);
			path = Networking;
			sourceTree = "<group>";
		};
		50237CC8225D2908008B3A62 /* Models */ = {
			isa = PBXGroup;
			children = (
				50237CC9225D291F008B3A62 /* Contact.swift */,
			);
			path = Models;
			sourceTree = "<group>";
		};
/* End PBXGroup section */

/* Begin PBXNativeTarget section */
		50237C95225D28AA008B3A62 /* SolsticeContacts */ = {
			isa = PBXNativeTarget;
			buildConfigurationList = 50237CBE225D28AB008B3A62 /* Build configuration list for PBXNativeTarget "SolsticeContacts" */;
			buildPhases = (
				50237C92225D28AA008B3A62 /* Sources */,
				50237C93225D28AA008B3A62 /* Frameworks */,
				50237C94225D28AA008B3A62 /* Resources */,
			);
			buildRules = (
			);
			dependencies = (
			);
			name = SolsticeContacts;
			productName = SolsticeContacts;
			productReference = 50237C96225D28AA008B3A62 /* SolsticeContacts.app */;
			productType = "com.apple.product-type.application";
		};
		50237CA9225D28AB008B3A62 /* SolsticeContactsTests */ = {
			isa = PBXNativeTarget;
			buildConfigurationList = 50237CC1225D28AB008B3A62 /* Build configuration list for PBXNativeTarget "SolsticeContactsTests" */;
			buildPhases = (
				50237CA6225D28AB008B3A62 /* Sources */,
				50237CA7225D28AB008B3A62 /* Frameworks */,
				50237CA8225D28AB008B3A62 /* Resources */,
			);
			buildRules = (
			);
			dependencies = (
				50237CAC225D28AB008B3A62 /* PBXTargetDependency */,
			);
			name = SolsticeContactsTests;
			productName = SolsticeContactsTests;
			productReference = 50237CAA225D28AB008B3A62 /* SolsticeContactsTests.xctest */;
			productType = "com.apple.product-type.bundle.unit-test";
		};
		50237CB4225D28AB008B3A62 /* SolsticeContactsUITests */ = {
			isa = PBXNativeTarget;
			buildConfigurationList = 50237CC4225D28AB008B3A62 /* Build configuration list for PBXNativeTarget "SolsticeContactsUITests" */;
			buildPhases = (
				50237CB1225D28AB008B3A62 /* Sources */,
				50237CB2225D28AB008B3A62 /* Frameworks */,
				50237CB3225D28AB008B3A62 /* Resources */,
			);
			buildRules = (
			);
			dependencies = (
				50237CB7225D28AB008B3A62 /* PBXTargetDependency */,
			);
			name = SolsticeContactsUITests;
			productName = SolsticeContactsUITests;
			productReference = 50237CB5225D28AB008B3A62 /* SolsticeContactsUITests.xctest */;
			productType = "com.apple.product-type.bundle.ui-testing";
		};
/* End PBXNativeTarget section */

/* Begin PBXProject section */
		50237C8E225D28AA008B3A62 /* Project object */ = {
			isa = PBXProject;
			attributes = {
				LastSwiftUpdateCheck = 1010;
				LastUpgradeCheck = 1010;
				ORGANIZATIONNAME = "Husein Kareem";
				TargetAttributes = {
					50237C95225D28AA008B3A62 = {
						CreatedOnToolsVersion = 10.1;
					};
					50237CA9225D28AB008B3A62 = {
						CreatedOnToolsVersion = 10.1;
						TestTargetID = 50237C95225D28AA008B3A62;
					};
					50237CB4225D28AB008B3A62 = {
						CreatedOnToolsVersion = 10.1;
						TestTargetID = 50237C95225D28AA008B3A62;
					};
				};
			};
			buildConfigurationList = 50237C91225D28AA008B3A62 /* Build configuration list for PBXProject "SolsticeContacts" */;
			compatibilityVersion = "Xcode 9.3";
			developmentRegion = en;
			hasScannedForEncodings = 0;
			knownRegions = (
				en,
				Base,
			);
			mainGroup = 50237C8D225D28AA008B3A62;
			productRefGroup = 50237C97225D28AA008B3A62 /* Products */;
			projectDirPath = "";
			projectRoot = "";
			targets = (
				50237C95225D28AA008B3A62 /* SolsticeContacts */,
				50237CA9225D28AB008B3A62 /* SolsticeContactsTests */,
				50237CB4225D28AB008B3A62 /* SolsticeContactsUITests */,
			);
		};
/* End PBXProject section */

/* Begin PBXResourcesBuildPhase section */
		50237C94225D28AA008B3A62 /* Resources */ = {
			isa = PBXResourcesBuildPhase;
			buildActionMask = 2147483647;
			files = (
				50237CA4225D28AA008B3A62 /* LaunchScreen.storyboard in Resources */,
				50237CA1225D28AA008B3A62 /* Assets.xcassets in Resources */,
				50237C9F225D28AA008B3A62 /* Main.storyboard in Resources */,
			);
			runOnlyForDeploymentPostprocessing = 0;
		};
		50237CA8225D28AB008B3A62 /* Resources */ = {
			isa = PBXResourcesBuildPhase;
			buildActionMask = 2147483647;
			files = (
			);
			runOnlyForDeploymentPostprocessing = 0;
		};
		50237CB3225D28AB008B3A62 /* Resources */ = {
			isa = PBXResourcesBuildPhase;
			buildActionMask = 2147483647;
			files = (
			);
			runOnlyForDeploymentPostprocessing = 0;
		};
/* End PBXResourcesBuildPhase section */

/* Begin PBXSourcesBuildPhase section */
		50237C92225D28AA008B3A62 /* Sources */ = {
			isa = PBXSourcesBuildPhase;
			buildActionMask = 2147483647;
			files = (
				50237CCA225D291F008B3A62 /* Contact.swift in Sources */,
				50237C9C225D28AA008B3A62 /* ViewController.swift in Sources */,
				50237C9A225D28AA008B3A62 /* AppDelegate.swift in Sources */,
			);
			runOnlyForDeploymentPostprocessing = 0;
		};
		50237CA6225D28AB008B3A62 /* Sources */ = {
			isa = PBXSourcesBuildPhase;
			buildActionMask = 2147483647;
			files = (
				50237CAF225D28AB008B3A62 /* SolsticeContactsTests.swift in Sources */,
			);
			runOnlyForDeploymentPostprocessing = 0;
		};
		50237CB1225D28AB008B3A62 /* Sources */ = {
			isa = PBXSourcesBuildPhase;
			buildActionMask = 2147483647;
			files = (
				50237CBA225D28AB008B3A62 /* SolsticeContactsUITests.swift in Sources */,
			);
			runOnlyForDeploymentPostprocessing = 0;
		};
/* End PBXSourcesBuildPhase section */

/* Begin PBXTargetDependency section */
		50237CAC225D28AB008B3A62 /* PBXTargetDependency */ = {
			isa = PBXTargetDependency;
			target = 50237C95225D28AA008B3A62 /* SolsticeContacts */;
			targetProxy = 50237CAB225D28AB008B3A62 /* PBXContainerItemProxy */;
		};
		50237CB7225D28AB008B3A62 /* PBXTargetDependency */ = {
			isa = PBXTargetDependency;
			target = 50237C95225D28AA008B3A62 /* SolsticeContacts */;
			targetProxy = 50237CB6225D28AB008B3A62 /* PBXContainerItemProxy */;
		};
/* End PBXTargetDependency section */

/* Begin PBXVariantGroup section */
		50237C9D225D28AA008B3A62 /* Main.storyboard */ = {
			isa = PBXVariantGroup;
			children = (
				50237C9E225D28AA008B3A62 /* Base */,
			);
			name = Main.storyboard;
			sourceTree = "<group>";
		};
		50237CA2225D28AA008B3A62 /* LaunchScreen.storyboard */ = {
			isa = PBXVariantGroup;
			children = (
				50237CA3225D28AA008B3A62 /* Base */,
			);
			name = LaunchScreen.storyboard;
			sourceTree = "<group>";
		};
/* End PBXVariantGroup section */

/* Begin XCBuildConfiguration section */
		50237CBC225D28AB008B3A62 /* Debug */ = {
			isa = XCBuildConfiguration;
			buildSettings = {
				ALWAYS_SEARCH_USER_PATHS = NO;
				CLANG_ANALYZER_NONNULL = YES;
				CLANG_ANALYZER_NUMBER_OBJECT_CONVERSION = YES_AGGRESSIVE;
				CLANG_CXX_LANGUAGE_STANDARD = "gnu++14";
				CLANG_CXX_LIBRARY = "libc++";
				CLANG_ENABLE_MODULES = YES;
				CLANG_ENABLE_OBJC_ARC = YES;
				CLANG_ENABLE_OBJC_WEAK = YES;
				CLANG_WARN_BLOCK_CAPTURE_AUTORELEASING = YES;
				CLANG_WARN_BOOL_CONVERSION = YES;
				CLANG_WARN_COMMA = YES;
				CLANG_WARN_CONSTANT_CONVERSION = YES;
				CLANG_WARN_DEPRECATED_OBJC_IMPLEMENTATIONS = YES;
				CLANG_WARN_DIRECT_OBJC_ISA_USAGE = YES_ERROR;
				CLANG_WARN_DOCUMENTATION_COMMENTS = YES;
				CLANG_WARN_EMPTY_BODY = YES;
				CLANG_WARN_ENUM_CONVERSION = YES;
				CLANG_WARN_INFINITE_RECURSION = YES;
				CLANG_WARN_INT_CONVERSION = YES;
				CLANG_WARN_NON_LITERAL_NULL_CONVERSION = YES;
				CLANG_WARN_OBJC_IMPLICIT_RETAIN_SELF = YES;
				CLANG_WARN_OBJC_LITERAL_CONVERSION = YES;
				CLANG_WARN_OBJC_ROOT_CLASS = YES_ERROR;
				CLANG_WARN_RANGE_LOOP_ANALYSIS = YES;
				CLANG_WARN_STRICT_PROTOTYPES = YES;
				CLANG_WARN_SUSPICIOUS_MOVE = YES;
				CLANG_WARN_UNGUARDED_AVAILABILITY = YES_AGGRESSIVE;
				CLANG_WARN_UNREACHABLE_CODE = YES;
				CLANG_WARN__DUPLICATE_METHOD_MATCH = YES;
				CODE_SIGN_IDENTITY = "iPhone Developer";
				COPY_PHASE_STRIP = NO;
				DEBUG_INFORMATION_FORMAT = dwarf;
				ENABLE_STRICT_OBJC_MSGSEND = YES;
				ENABLE_TESTABILITY = YES;
				GCC_C_LANGUAGE_STANDARD = gnu11;
				GCC_DYNAMIC_NO_PIC = NO;
				GCC_NO_COMMON_BLOCKS = YES;
				GCC_OPTIMIZATION_LEVEL = 0;
				GCC_PREPROCESSOR_DEFINITIONS = (
					"DEBUG=1",
					"$(inherited)",
				);
				GCC_WARN_64_TO_32_BIT_CONVERSION = YES;
				GCC_WARN_ABOUT_RETURN_TYPE = YES_ERROR;
				GCC_WARN_UNDECLARED_SELECTOR = YES;
				GCC_WARN_UNINITIALIZED_AUTOS = YES_AGGRESSIVE;
				GCC_WARN_UNUSED_FUNCTION = YES;
				GCC_WARN_UNUSED_VARIABLE = YES;
				IPHONEOS_DEPLOYMENT_TARGET = 12.1;
				MTL_ENABLE_DEBUG_INFO = INCLUDE_SOURCE;
				MTL_FAST_MATH = YES;
				ONLY_ACTIVE_ARCH = YES;
				SDKROOT = iphoneos;
				SWIFT_ACTIVE_COMPILATION_CONDITIONS = DEBUG;
				SWIFT_OPTIMIZATION_LEVEL = "-Onone";
			};
			name = Debug;
		};
		50237CBD225D28AB008B3A62 /* Release */ = {
			isa = XCBuildConfiguration;
			buildSettings = {
				ALWAYS_SEARCH_USER_PATHS = NO;
				CLANG_ANALYZER_NONNULL = YES;
				CLANG_ANALYZER_NUMBER_OBJECT_CONVERSION = YES_AGGRESSIVE;
				CLANG_CXX_LANGUAGE_STANDARD = "gnu++14";
				CLANG_CXX_LIBRARY = "libc++";
				CLANG_ENABLE_MODULES = YES;
				CLANG_ENABLE_OBJC_ARC = YES;
				CLANG_ENABLE_OBJC_WEAK = YES;
				CLANG_WARN_BLOCK_CAPTURE_AUTORELEASING = YES;
				CLANG_WARN_BOOL_CONVERSION = YES;
				CLANG_WARN_COMMA = YES;
				CLANG_WARN_CONSTANT_CONVERSION = YES;
				CLANG_WARN_DEPRECATED_OBJC_IMPLEMENTATIONS = YES;
				CLANG_WARN_DIRECT_OBJC_ISA_USAGE = YES_ERROR;
				CLANG_WARN_DOCUMENTATION_COMMENTS = YES;
				CLANG_WARN_EMPTY_BODY = YES;
				CLANG_WARN_ENUM_CONVERSION = YES;
				CLANG_WARN_INFINITE_RECURSION = YES;
				CLANG_WARN_INT_CONVERSION = YES;
				CLANG_WARN_NON_LITERAL_NULL_CONVERSION = YES;
				CLANG_WARN_OBJC_IMPLICIT_RETAIN_SELF = YES;
				CLANG_WARN_OBJC_LITERAL_CONVERSION = YES;
				CLANG_WARN_OBJC_ROOT_CLASS = YES_ERROR;
				CLANG_WARN_RANGE_LOOP_ANALYSIS = YES;
				CLANG_WARN_STRICT_PROTOTYPES = YES;
				CLANG_WARN_SUSPICIOUS_MOVE = YES;
				CLANG_WARN_UNGUARDED_AVAILABILITY = YES_AGGRESSIVE;
				CLANG_WARN_UNREACHABLE_CODE = YES;
				CLANG_WARN__DUPLICATE_METHOD_MATCH = YES;
				CODE_SIGN_IDENTITY = "iPhone Developer";
				COPY_PHASE_STRIP = NO;
				DEBUG_INFORMATION_FORMAT = "dwarf-with-dsym";
				ENABLE_NS_ASSERTIONS = NO;
				ENABLE_STRICT_OBJC_MSGSEND = YES;
				GCC_C_LANGUAGE_STANDARD = gnu11;
				GCC_NO_COMMON_BLOCKS = YES;
				GCC_WARN_64_TO_32_BIT_CONVERSION = YES;
				GCC_WARN_ABOUT_RETURN_TYPE = YES_ERROR;
				GCC_WARN_UNDECLARED_SELECTOR = YES;
				GCC_WARN_UNINITIALIZED_AUTOS = YES_AGGRESSIVE;
				GCC_WARN_UNUSED_FUNCTION = YES;
				GCC_WARN_UNUSED_VARIABLE = YES;
				IPHONEOS_DEPLOYMENT_TARGET = 12.1;
				MTL_ENABLE_DEBUG_INFO = NO;
				MTL_FAST_MATH = YES;
				SDKROOT = iphoneos;
				SWIFT_COMPILATION_MODE = wholemodule;
				SWIFT_OPTIMIZATION_LEVEL = "-O";
				VALIDATE_PRODUCT = YES;
			};
			name = Release;
		};
		50237CBF225D28AB008B3A62 /* Debug */ = {
			isa = XCBuildConfiguration;
			buildSettings = {
				ASSETCATALOG_COMPILER_APPICON_NAME = AppIcon;
				CODE_SIGN_STYLE = Automatic;
				INFOPLIST_FILE = SolsticeContacts/Info.plist;
				LD_RUNPATH_SEARCH_PATHS = (
					"$(inherited)",
					"@executable_path/Frameworks",
				);
				PRODUCT_BUNDLE_IDENTIFIER = com.hkareem.SolsticeContacts;
				PRODUCT_NAME = "$(TARGET_NAME)";
				SWIFT_VERSION = 4.2;
				TARGETED_DEVICE_FAMILY = "1,2";
			};
			name = Debug;
		};
		50237CC0225D28AB008B3A62 /* Release */ = {
			isa = XCBuildConfiguration;
			buildSettings = {
				ASSETCATALOG_COMPILER_APPICON_NAME = AppIcon;
				CODE_SIGN_STYLE = Automatic;
				INFOPLIST_FILE = SolsticeContacts/Info.plist;
				LD_RUNPATH_SEARCH_PATHS = (
					"$(inherited)",
					"@executable_path/Frameworks",
				);
				PRODUCT_BUNDLE_IDENTIFIER = com.hkareem.SolsticeContacts;
				PRODUCT_NAME = "$(TARGET_NAME)";
				SWIFT_VERSION = 4.2;
				TARGETED_DEVICE_FAMILY = "1,2";
			};
			name = Release;
		};
		50237CC2225D28AB008B3A62 /* Debug */ = {
			isa = XCBuildConfiguration;
			buildSettings = {
				ALWAYS_EMBED_SWIFT_STANDARD_LIBRARIES = YES;
				BUNDLE_LOADER = "$(TEST_HOST)";
				CODE_SIGN_STYLE = Automatic;
				INFOPLIST_FILE = SolsticeContactsTests/Info.plist;
				LD_RUNPATH_SEARCH_PATHS = (
					"$(inherited)",
					"@executable_path/Frameworks",
					"@loader_path/Frameworks",
				);
				PRODUCT_BUNDLE_IDENTIFIER = com.hkareem.SolsticeContactsTests;
				PRODUCT_NAME = "$(TARGET_NAME)";
				SWIFT_VERSION = 4.2;
				TARGETED_DEVICE_FAMILY = "1,2";
				TEST_HOST = "$(BUILT_PRODUCTS_DIR)/SolsticeContacts.app/SolsticeContacts";
			};
			name = Debug;
		};
		50237CC3225D28AB008B3A62 /* Release */ = {
			isa = XCBuildConfiguration;
			buildSettings = {
				ALWAYS_EMBED_SWIFT_STANDARD_LIBRARIES = YES;
				BUNDLE_LOADER = "$(TEST_HOST)";
				CODE_SIGN_STYLE = Automatic;
				INFOPLIST_FILE = SolsticeContactsTests/Info.plist;
				LD_RUNPATH_SEARCH_PATHS = (
					"$(inherited)",
					"@executable_path/Frameworks",
					"@loader_path/Frameworks",
				);
				PRODUCT_BUNDLE_IDENTIFIER = com.hkareem.SolsticeContactsTests;
				PRODUCT_NAME = "$(TARGET_NAME)";
				SWIFT_VERSION = 4.2;
				TARGETED_DEVICE_FAMILY = "1,2";
				TEST_HOST = "$(BUILT_PRODUCTS_DIR)/SolsticeContacts.app/SolsticeContacts";
			};
			name = Release;
		};
		50237CC5225D28AB008B3A62 /* Debug */ = {
			isa = XCBuildConfiguration;
			buildSettings = {
				ALWAYS_EMBED_SWIFT_STANDARD_LIBRARIES = YES;
				CODE_SIGN_STYLE = Automatic;
				INFOPLIST_FILE = SolsticeContactsUITests/Info.plist;
				LD_RUNPATH_SEARCH_PATHS = (
					"$(inherited)",
					"@executable_path/Frameworks",
					"@loader_path/Frameworks",
				);
				PRODUCT_BUNDLE_IDENTIFIER = com.hkareem.SolsticeContactsUITests;
				PRODUCT_NAME = "$(TARGET_NAME)";
				SWIFT_VERSION = 4.2;
				TARGETED_DEVICE_FAMILY = "1,2";
				TEST_TARGET_NAME = SolsticeContacts;
			};
			name = Debug;
		};
		50237CC6225D28AB008B3A62 /* Release */ = {
			isa = XCBuildConfiguration;
			buildSettings = {
				ALWAYS_EMBED_SWIFT_STANDARD_LIBRARIES = YES;
				CODE_SIGN_STYLE = Automatic;
				INFOPLIST_FILE = SolsticeContactsUITests/Info.plist;
				LD_RUNPATH_SEARCH_PATHS = (
					"$(inherited)",
					"@executable_path/Frameworks",
					"@loader_path/Frameworks",
				);
				PRODUCT_BUNDLE_IDENTIFIER = com.hkareem.SolsticeContactsUITests;
				PRODUCT_NAME = "$(TARGET_NAME)";
				SWIFT_VERSION = 4.2;
				TARGETED_DEVICE_FAMILY = "1,2";
				TEST_TARGET_NAME = SolsticeContacts;
			};
			name = Release;
		};
/* End XCBuildConfiguration section */

/* Begin XCConfigurationList section */
		50237C91225D28AA008B3A62 /* Build configuration list for PBXProject "SolsticeContacts" */ = {
			isa = XCConfigurationList;
			buildConfigurations = (
				50237CBC225D28AB008B3A62 /* Debug */,
				50237CBD225D28AB008B3A62 /* Release */,
			);
			defaultConfigurationIsVisible = 0;
			defaultConfigurationName = Release;
		};
		50237CBE225D28AB008B3A62 /* Build configuration list for PBXNativeTarget "SolsticeContacts" */ = {
			isa = XCConfigurationList;
			buildConfigurations = (
				50237CBF225D28AB008B3A62 /* Debug */,
				50237CC0225D28AB008B3A62 /* Release */,
			);
			defaultConfigurationIsVisible = 0;
			defaultConfigurationName = Release;
		};
		50237CC1225D28AB008B3A62 /* Build configuration list for PBXNativeTarget "SolsticeContactsTests" */ = {
			isa = XCConfigurationList;
			buildConfigurations = (
				50237CC2225D28AB008B3A62 /* Debug */,
				50237CC3225D28AB008B3A62 /* Release */,
			);
			defaultConfigurationIsVisible = 0;
			defaultConfigurationName = Release;
		};
		50237CC4225D28AB008B3A62 /* Build configuration list for PBXNativeTarget "SolsticeContactsUITests" */ = {
			isa = XCConfigurationList;
			buildConfigurations = (
				50237CC5225D28AB008B3A62 /* Debug */,
				50237CC6225D28AB008B3A62 /* Release */,
			);
			defaultConfigurationIsVisible = 0;
			defaultConfigurationName = Release;
		};
/* End XCConfigurationList section */
	};
	rootObject = 50237C8E225D28AA008B3A62 /* Project object */;
}
